
Microsoft Visual Studio Solution File, Format Version 12.00
# Visual Studio 15
VisualStudioVersion = 15.0.28010.2036
MinimumVisualStudioVersion = 10.0.40219.1
Project("{FAE04EC0-301F-11D3-BF4B-00C04F79EFBC}") = "PAYROLL", "PAYROLL\PAYROLL.csproj", "{A8ECE4B4-B56D-4CF9-A5DE-170497EC378F}"
EndProject
Global
	GlobalSection(SolutionConfigurationPlatforms) = preSolution
		Debug|Any CPU = Debug|Any CPU
		Release|Any CPU = Release|Any CPU
	EndGlobalSection
	GlobalSection(ProjectConfigurationPlatforms) = postSolution
		{A8ECE4B4-B56D-4CF9-A5DE-170497EC378F}.Debug|Any CPU.ActiveCfg = Debug|Any CPU
		{A8ECE4B4-B56D-4CF9-A5DE-170497EC378F}.Debug|Any CPU.Build.0 = Debug|Any CPU
		{A8ECE4B4-B56D-4CF9-A5DE-170497EC378F}.Release|Any CPU.ActiveCfg = Release|Any CPU
		{A8ECE4B4-B56D-4CF9-A5DE-170497EC378F}.Release|Any CPU.Build.0 = Release|Any CPU
	EndGlobalSection
	GlobalSection(SolutionProperties) = preSolution
		HideSolutionNode = FALSE
	EndGlobalSection
	GlobalSection(ExtensibilityGlobals) = postSolution
		SolutionGuid = {00C8AD0E-59C9-437A-B0C2-9378B9A9785A}
	EndGlobalSection
EndGlobal
